<?xml version="1.0" encoding="utf-8"?>
<Project ToolsVersion="4.0" xmlns="http://schemas.microsoft.com/developer/msbuild/2003">
  <ItemGroup>
    <Filter Include="Source Files">
      <UniqueIdentifier>{4FC737F1-C7A5-4376-A066-2A32D752A2FF}</UniqueIdentifier>
      <Extensions>c;h</Extensions>
    </Filter>
    <Filter Include="Data Files">
      <UniqueIdentifier>{67DA6AB6-F800-4c08-8B7A-83BB121AAD01}</UniqueIdentifier>
      <Extensions>
      </Extensions>
    </Filter>
    <Filter Include="Data Files\Image Files">
      <UniqueIdentifier>{554bacfd-0729-4389-a93d-e8254bdfad98}</UniqueIdentifier>
      <Extensions>png</Extensions>
    </Filter>
    <Filter Include="Data Files\Level Files">
      <UniqueIdentifier>{788276de-79bf-49a4-84f7-b553c3a08c58}</UniqueIdentifier>
      <Extensions>dat</Extensions>
    </Filter>
    <Filter Include="Data Files\Sound Files">
      <UniqueIdentifier>{3426b1f6-0d29-4ebd-ac08-1512a21c88dd}</UniqueIdentifier>
      <Extensions>wav</Extensions>
    </Filter>
  </ItemGroup>
  <ItemGroup>
    <None Include="packages.config" />
    <None Include="data\levels\list-demo.dat">
      <Filter>Data Files\Level Files</Filter>
    </None>
    <None Include="data\levels\list-story.dat">
      <Filter>Data Files\Level Files</Filter>
    </None>
    <None Include="data\levels\room-demo-001.dat">
      <Filter>Data Files\Level Files</Filter>
    </None>
    <None Include="data\levels\room-demo-002.dat">
      <Filter>Data Files\Level Files</Filter>
    </None>
    <None Include="data\levels\room-demo-003.dat">
      <Filter>Data Files\Level Files</Filter>
    </None>
    <None Include="data\levels\room-demo-004.dat">
      <Filter>Data Files\Level Files</Filter>
    </None>
    <None Include="data\levels\room-demo-005.dat">
      <Filter>Data Files\Level Files</Filter>
    </None>
    <None Include="data\levels\room-demo-006.dat">
      <Filter>Data Files\Level Files</Filter>
    </None>
    <None Include="data\levels\room-demo-007.dat">
      <Filter>Data Files\Level Files</Filter>
    </None>
    <None Include="data\levels\room-demo-008.dat">
      <Filter>Data Files\Level Files</Filter>
    </None>
    <None Include="data\levels\room-demo-009.dat">
      <Filter>Data Files\Level Files</Filter>
    </None>
    <None Include="data\levels\room-demo-010.dat">
      <Filter>Data Files\Level Files</Filter>
    </None>
    <None Include="data\levels\room-demo-011.dat">
      <Filter>Data Files\Level Files</Filter>
    </None>
    <None Include="data\levels\room-hard.dat">
      <Filter>Data Files\Level Files</Filter>
    </None>
    <None Include="data\levels\room-makayla.dat">
      <Filter>Data Files\Level Files</Filter>
    </None>
    <None Include="data\levels\room-rawson.dat">
      <Filter>Data Files\Level Files</Filter>
    </None>
    <None Include="data\levels\room-rawson-2.dat">
      <Filter>Data Files\Level Files</Filter>
    </None>
    <None Include="data\levels\room-story-001.dat">
      <Filter>Data Files\Level Files</Filter>
    </None>
    <None Include="data\levels\room-story-002.dat">
      <Filter>Data Files\Level Files</Filter>
    </None>
    <None Include="data\levels\room-story-003.dat">
      <Filter>Data Files\Level Files</Filter>
    </None>
    <None Include="data\levels\room-story-004.dat">
      <Filter>Data Files\Level Files</Filter>
    </None>
    <None Include="data\levels\room-story-005.dat">
      <Filter>Data Files\Level Files</Filter>
    </None>
    <None Include="data\levels\room-story-006.dat">
      <Filter>Data Files\Level Files</Filter>
    </None>
    <None Include="data\levels\room-story-007.dat">
      <Filter>Data Files\Level Files</Filter>
    </None>
    <None Include="data\levels\room-story-008.dat">
      <Filter>Data Files\Level Files</Filter>
    </None>
    <None Include="data\levels\room-story-009.dat">
      <Filter>Data Files\Level Files</Filter>
    </None>
    <None Include="data\levels\room-story-010.dat">
      <Filter>Data Files\Level Files</Filter>
    </None>
    <None Include="data\levels\room-story-011.dat">
      <Filter>Data Files\Level Files</Filter>
    </None>
    <None Include="data\levels\room-story-012.dat">
      <Filter>Data Files\Level Files</Filter>
    </None>
    <None Include="data\levels\room-story-013.dat">
      <Filter>Data Files\Level Files</Filter>
    </None>
    <None Include="data\levels\room-story-014.dat">
      <Filter>Data Files\Level Files</Filter>
    </None>
    <None Include="data\levels\room-story-014.dat">
      <Filter>Data Files\Level Files</Filter>
    </None>
    <None Include="data\levels\room-story-015.dat">
      <Filter>Data Files\Level Files</Filter>
    </None>
    <None Include="data\levels\room-story-016.dat">
      <Filter>Data Files\Level Files</Filter>
    </None>
    <None Include="data\levels\room-story-017.dat">
      <Filter>Data Files\Level Files</Filter>
    </None>
    <None Include="data\levels\room-story-018-boss.dat">
      <Filter>Data Files\Level Files</Filter>
    </None>
    <None Include="data\levels\room-test.dat">
      <Filter>Data Files\Level Files</Filter>
    </None>
    <None Include="data\levels\texture-boss-spider.dat">
      <Filter>Data Files\Level Files</Filter>
    </None>
    <None Include="data\levels\texture-colored.dat">
      <Filter>Data Files\Level Files</Filter>
    </None>
    <None Include="data\levels\texture-colored-2.dat">
      <Filter>Data Files\Level Files</Filter>
    </None>
    <None Include="data\levels\texture-colored-3.dat">
      <Filter>Data Files\Level Files</Filter>
    </None>
    <None Include="data\levels\tile-bricks.dat">
      <Filter>Data Files\Level Files</Filter>
    </None>
    <None Include="data\levels\tile-castle.dat">
      <Filter>Data Files\Level Files</Filter>
    </None>
    <None Include="data\levels\tile-general.dat">
      <Filter>Data Files\Level Files</Filter>
    </None>
    <None Include="data\levels\tile-wood.dat">
      <Filter>Data Files\Level Files</Filter>
    </None>
  </ItemGroup>
  <ItemGroup>
    <ClCompile Include="src\datafile.c">
      <Filter>Source Files</Filter>
    </ClCompile>
    <ClCompile Include="src\dgl_collision.c">
      <Filter>Source Files</Filter>
    </ClCompile>
    <ClCompile Include="src\dgl_display.c">
      <Filter>Source Files</Filter>
    </ClCompile>
    <ClCompile Include="src\dgl_memory.c">
      <Filter>Source Files</Filter>
    </ClCompile>
    <ClCompile Include="src\dgl_random.c">
      <Filter>Source Files</Filter>
    </ClCompile>
    <ClCompile Include="src\dgl_resources.c">
      <Filter>Source Files</Filter>
    </ClCompile>
    <ClCompile Include="src\dgl_run.c">
      <Filter>Source Files</Filter>
    </ClCompile>
    <ClCompile Include="src\dgl_sound.c">
      <Filter>Source Files</Filter>
    </ClCompile>
    <ClCompile Include="src\dgl_sprite.c">
      <Filter>Source Files</Filter>
    </ClCompile>
    <ClCompile Include="src\dgl_text.c">
      <Filter>Source Files</Filter>
    </ClCompile>
    <ClCompile Include="src\direction.c">
      <Filter>Source Files</Filter>
    </ClCompile>
    <ClCompile Include="src\effects.c">
      <Filter>Source Files</Filter>
    </ClCompile>
    <ClCompile Include="src\gamedata.c">
      <Filter>Source Files</Filter>
    </ClCompile>
    <ClCompile Include="src\gameplay.c">
      <Filter>Source Files</Filter>
    </ClCompile>
    <ClCompile Include="src\main.c">
      <Filter>Source Files</Filter>
    </ClCompile>
    <ClCompile Include="src\mask.c">
      <Filter>Source Files</Filter>
    </ClCompile>
    <ClCompile Include="src\menu.c">
      <Filter>Source Files</Filter>
    </ClCompile>
    <ClCompile Include="src\path.c">
      <Filter>Source Files</Filter>
    </ClCompile>
    <ClCompile Include="src\roomlist.c">
      <Filter>Source Files</Filter>
    </ClCompile>
  </ItemGroup>
  <ItemGroup>
    <ClInclude Include="src\compiler.h">
      <Filter>Source Files</Filter>
    </ClInclude>
    <ClInclude Include="src\datafile.h">
      <Filter>Source Files</Filter>
    </ClInclude>
    <ClInclude Include="src\dgl_collision.h">
      <Filter>Source Files</Filter>
    </ClInclude>
    <ClInclude Include="src\dgl_display.h">
      <Filter>Source Files</Filter>
    </ClInclude>
    <ClInclude Include="src\dgl_memory.h">
      <Filter>Source Files</Filter>
    </ClInclude>
    <ClInclude Include="src\dgl_random.h">
      <Filter>Source Files</Filter>
    </ClInclude>
    <ClInclude Include="src\dgl_resources.h">
      <Filter>Source Files</Filter>
    </ClInclude>
    <ClInclude Include="src\dgl_run.h">
      <Filter>Source Files</Filter>
    </ClInclude>
    <ClInclude Include="src\dgl_sound.h">
      <Filter>Source Files</Filter>
    </ClInclude>
    <ClInclude Include="src\dgl_sprite.h">
      <Filter>Source Files</Filter>
    </ClInclude>
    <ClInclude Include="src\dgl_text.h">
      <Filter>Source Files</Filter>
    </ClInclude>
    <ClInclude Include="src\direction.h">
      <Filter>Source Files</Filter>
    </ClInclude>
    <ClInclude Include="src\effects.h">
      <Filter>Source Files</Filter>
    </ClInclude>
    <ClInclude Include="src\gamedata.h">
      <Filter>Source Files</Filter>
    </ClInclude>
    <ClInclude Include="src\gameplay.h">
      <Filter>Source Files</Filter>
    </ClInclude>
    <ClInclude Include="src\mask.h">
      <Filter>Source Files</Filter>
    </ClInclude>
    <ClInclude Include="src\menu.h">
      <Filter>Source Files</Filter>
    </ClInclude>
    <ClInclude Include="src\path.h">
      <Filter>Source Files</Filter>
    </ClInclude>
    <ClInclude Include="src\roomlist.h">
      <Filter>Source Files</Filter>
    </ClInclude>
  </ItemGroup>
  <ItemGroup>
    <Image Include="data\images\background-bedroom.png">
      <Filter>Data Files\Image Files</Filter>
    </Image>
    <Image Include="data\images\boss-spider.png">
      <Filter>Data Files\Image Files</Filter>
    </Image>
    <Image Include="data\images\effect-poof-1.png">
      <Filter>Data Files\Image Files</Filter>
    </Image>
    <Image Include="data\images\effect-poof-2.png">
      <Filter>Data Files\Image Files</Filter>
    </Image>
    <Image Include="data\images\effect-poof-3.png">
      <Filter>Data Files\Image Files</Filter>
    </Image>
    <Image Include="data\images\effect-poof-4.png">
      <Filter>Data Files\Image Files</Filter>
    </Image>
    <Image Include="data\images\enemy-bat-1.png">
      <Filter>Data Files\Image Files</Filter>
    </Image>
    <Image Include="data\images\enemy-bat-2.png">
      <Filter>Data Files\Image Files</Filter>
    </Image>
    <Image Include="data\images\enemy-bat-3.png">
      <Filter>Data Files\Image Files</Filter>
    </Image>
    <Image Include="data\images\enemy-blocker-1.png">
      <Filter>Data Files\Image Files</Filter>
    </Image>
    <Image Include="data\images\enemy-blocker-2.png">
      <Filter>Data Files\Image Files</Filter>
    </Image>
    <Image Include="data\images\enemy-ghost-1.png">
      <Filter>Data Files\Image Files</Filter>
    </Image>
    <Image Include="data\images\enemy-ghost-2.png">
      <Filter>Data Files\Image Files</Filter>
    </Image>
    <Image Include="data\images\enemy-ghost-3.png">
      <Filter>Data Files\Image Files</Filter>
    </Image>
    <Image Include="data\images\enemy-ghost-4.png">
      <Filter>Data Files\Image Files</Filter>
    </Image>
    <Image Include="data\images\enemy-spider-1.png">
      <Filter>Data Files\Image Files</Filter>
    </Image>
    <Image Include="data\images\enemy-spider-2.png">
      <Filter>Data Files\Image Files</Filter>
    </Image>
    <Image Include="data\images\enemy-spider-3.png">
      <Filter>Data Files\Image Files</Filter>
    </Image>
    <Image Include="data\images\enemy-spider-4.png">
      <Filter>Data Files\Image Files</Filter>
    </Image>
    <Image Include="data\images\enemy-spider-5.png">
      <Filter>Data Files\Image Files</Filter>
    </Image>
    <Image Include="data\images\enemy-spider-6.png">
      <Filter>Data Files\Image Files</Filter>
    </Image>
    <Image Include="data\images\enemy-spider-7.png">
      <Filter>Data Files\Image Files</Filter>
    </Image>
    <Image Include="data\images\enemy-tracer-1.png">
      <Filter>Data Files\Image Files</Filter>
    </Image>
    <Image Include="data\images\enemy-tracer-2.png">
      <Filter>Data Files\Image Files</Filter>
    </Image>
    <Image Include="data\images\enemy-tracer-3.png">
      <Filter>Data Files\Image Files</Filter>
    </Image>
    <Image Include="data\images\enemy-tracer-4.png">
      <Filter>Data Files\Image Files</Filter>
    </Image>
    <Image Include="data\images\enemy-tracer-5.png">
      <Filter>Data Files\Image Files</Filter>
    </Image>
    <Image Include="data\images\enemy-tracer-6.png">
      <Filter>Data Files\Image Files</Filter>
    </Image>
    <Image Include="data\images\enemy-tracer-7.png">
      <Filter>Data Files\Image Files</Filter>
    </Image>
    <Image Include="data\images\enemy-tracer-8.png">
      <Filter>Data Files\Image Files</Filter>
    </Image>
    <Image Include="data\images\farground-forest.png">
      <Filter>Data Files\Image Files</Filter>
    </Image>
    <Image Include="data\images\hero-daddy-01.png">
      <Filter>Data Files\Image Files</Filter>
    </Image>
    <Image Include="data\images\hero-makayla-1.png">
      <Filter>Data Files\Image Files</Filter>
    </Image>
    <Image Include="data\images\hero-makayla-2.png">
      <Filter>Data Files\Image Files</Filter>
    </Image>
    <Image Include="data\images\hero-makayla-hurt-1.png">
      <Filter>Data Files\Image Files</Filter>
    </Image>
    <Image Include="data\images\hero-makayla-hurt-2.png">
      <Filter>Data Files\Image Files</Filter>
    </Image>
    <Image Include="data\images\hero-rawson-1.png">
      <Filter>Data Files\Image Files</Filter>
    </Image>
    <Image Include="data\images\hero-rawson-2.png">
      <Filter>Data Files\Image Files</Filter>
    </Image>
    <Image Include="data\images\hero-rawson-hurt-1.png">
      <Filter>Data Files\Image Files</Filter>
    </Image>
    <Image Include="data\images\hero-rawson-hurt-2.png">
      <Filter>Data Files\Image Files</Filter>
    </Image>
    <Image Include="data\images\icon.png">
      <Filter>Data Files\Image Files</Filter>
    </Image>
    <Image Include="data\images\mask-block.png">
      <Filter>Data Files\Image Files</Filter>
    </Image>
    <Image Include="data\images\mask-plasma-1.png">
      <Filter>Data Files\Image Files</Filter>
    </Image>
    <Image Include="data\images\mask-plasma-2.png">
      <Filter>Data Files\Image Files</Filter>
    </Image>
    <Image Include="data\images\mask-star-1.png">
      <Filter>Data Files\Image Files</Filter>
    </Image>
    <Image Include="data\images\mask-star-2.png">
      <Filter>Data Files\Image Files</Filter>
    </Image>
    <Image Include="data\images\menu-titlescreen.png">
      <Filter>Data Files\Image Files</Filter>
    </Image>
    <Image Include="data\images\powerup-laser-1.png">
      <Filter>Data Files\Image Files</Filter>
    </Image>
    <Image Include="data\images\powerup-laser-2.png">
      <Filter>Data Files\Image Files</Filter>
    </Image>
    <Image Include="data\images\powerup-rainbow-1.png">
      <Filter>Data Files\Image Files</Filter>
    </Image>
    <Image Include="data\images\powerup-rainbow-2.png">
      <Filter>Data Files\Image Files</Filter>
    </Image>
    <Image Include="data\images\powerup-speed-1.png">
      <Filter>Data Files\Image Files</Filter>
    </Image>
    <Image Include="data\images\powerup-speed-2.png">
      <Filter>Data Files\Image Files</Filter>
    </Image>
    <Image Include="data\images\texture-blue.png">
      <Filter>Data Files\Image Files</Filter>
    </Image>
    <Image Include="data\images\texture-green.png">
      <Filter>Data Files\Image Files</Filter>
    </Image>
    <Image Include="data\images\texture-orange.png">
      <Filter>Data Files\Image Files</Filter>
    </Image>
    <Image Include="data\images\texture-purple.png">
      <Filter>Data Files\Image Files</Filter>
    </Image>
    <Image Include="data\images\texture-red.png">
      <Filter>Data Files\Image Files</Filter>
    </Image>
    <Image Include="data\images\texture-yellow.png">
      <Filter>Data Files\Image Files</Filter>
    </Image>
    <Image Include="data\images\tile-bricks.png">
      <Filter>Data Files\Image Files</Filter>
    </Image>
    <Image Include="data\images\tile-castle.png">
      <Filter>Data Files\Image Files</Filter>
    </Image>
    <Image Include="data\images\tile-door.png">
      <Filter>Data Files\Image Files</Filter>
    </Image>
    <Image Include="data\images\tile-general.png">
      <Filter>Data Files\Image Files</Filter>
    </Image>
    <Image Include="data\images\tile-wood.png">
      <Filter>Data Files\Image Files</Filter>
    </Image>
  </ItemGroup>
  <ItemGroup>
    <Media Include="data\sounds\block-destroyed.wav">
      <Filter>Data Files\Sound Files</Filter>
    </Media>
    <Media Include="data\sounds\bullet-bounce.wav">
      <Filter>Data Files\Sound Files</Filter>
    </Media>
    <Media Include="data\sounds\bullet-disolve.wav">
      <Filter>Data Files\Sound Files</Filter>
    </Media>
    <Media Include="data\sounds\bullet-shoot.wav">
      <Filter>Data Files\Sound Files</Filter>
    </Media>
    <Media Include="data\sounds\hero-die.wav">
      <Filter>Data Files\Sound Files</Filter>
    </Media>
    <Media Include="data\sounds\hero-toggle.wav">
      <Filter>Data Files\Sound Files</Filter>
    </Media>
    <Media Include="data\sounds\room-cleared.wav">
      <Filter>Data Files\Sound Files</Filter>
    </Media>
  </ItemGroup>
</Project>
